# This file is automatically @generated by Poetry 1.6.1 and should not be changed by hand.

[[package]]
name = "cached-property"
version = "1.5.2"
description = "A decorator for caching properties in classes."
optional = false
python-versions = "*"
files = [
    {file = "cached-property-1.5.2.tar.gz", hash = "sha256:9fa5755838eecbb2d234c3aa390bd80fbd3ac6b6869109bfc1b499f7bd89a130"},
    {file = "cached_property-1.5.2-py2.py3-none-any.whl", hash = "sha256:df4f613cf7ad9a588cc381aaf4a512d26265ecebd5eb9e1ba12f1319eb85a6a0"},
]

[[package]]
name = "h5py"
version = "3.0.0"
description = "Read and write HDF5 files from Python"
optional = false
python-versions = ">=3.6"
files = [
    {file = "h5py-3.0.0-cp36-cp36m-macosx_10_9_x86_64.whl", hash = "sha256:c377e4a269b9ff6ee9a18c420ae9ccf15133972d706f6130068f5139440da02e"},
    {file = "h5py-3.0.0-cp36-cp36m-manylinux1_x86_64.whl", hash = "sha256:bc379ce079f6228af9a61cf6ab27d2f2751498e60b1044cdc8de6edf4768db51"},
    {file = "h5py-3.0.0-cp36-cp36m-win_amd64.whl", hash = "sha256:85ce7d47042cb974aa3df7bc84c93994aa75eba72fae8f4947138bb082814a78"},
    {file = "h5py-3.0.0-cp37-cp37m-macosx_10_9_x86_64.whl", hash = "sha256:cdbccc607d2143da2ccdab5a66e061a161767cc1fbc2beb43966d1d13513fae0"},
    {file = "h5py-3.0.0-cp37-cp37m-manylinux1_x86_64.whl", hash = "sha256:4b5aa44b8c6a1303c2686ed5d655c048d9aab24d310bb309f9c0d9ce838dbe5b"},
    {file = "h5py-3.0.0-cp37-cp37m-win_amd64.whl", hash = "sha256:5ae5785284d10e385982e04028b61f63f2a6b1dbf24e5e3b770ec1ce18dac63c"},
    {file = "h5py-3.0.0-cp38-cp38-macosx_10_9_x86_64.whl", hash = "sha256:91f3fe63b1e382768564bc8b01308123e4ac448adf4f22b99f8fdf6bb2ddb528"},
    {file = "h5py-3.0.0-cp38-cp38-manylinux1_x86_64.whl", hash = "sha256:8e82cf9d2b97aa0369fa96804defafe2c66ea4393782937b027598d39911dce6"},
    {file = "h5py-3.0.0-cp38-cp38-win_amd64.whl", hash = "sha256:a8719311de0d72590f4cb6323e9b97b00f3b0ff0023b62bb21c2779b5e1a0321"},
    {file = "h5py-3.0.0-cp39-cp39-macosx_10_9_x86_64.whl", hash = "sha256:9267daf05857a6e04c6f1fccc61d7fbaf19a496af3382379bc84b3158f81d33a"},
    {file = "h5py-3.0.0-cp39-cp39-manylinux1_x86_64.whl", hash = "sha256:1ec6d29fe99f0bd7b431285117222a899cb1bbaff43d714157824a29f425db18"},
    {file = "h5py-3.0.0-cp39-cp39-win_amd64.whl", hash = "sha256:1a594ee690e3ec4ac2ec091cc53fc2626abcd898da138c9fb07580e2f1951adb"},
    {file = "h5py-3.0.0.tar.gz", hash = "sha256:7d3803be1b530c68c2955faba726dc0f591079b68941a0c0269b5384a42ab519"},
]

[package.dependencies]
cached-property = "*"
numpy = [
    {version = ">=1.12", markers = "python_version == \"3.6\""},
    {version = ">=1.14.5", markers = "python_version == \"3.7\""},
    {version = ">=1.17.5", markers = "python_version == \"3.8\""},
    {version = ">=1.19.3", markers = "python_version >= \"3.9\""},
]

[[package]]
name = "numpy"
version = "1.19.3"
description = "NumPy is the fundamental package for array computing with Python."
optional = false
python-versions = ">=3.6"
files = [
    {file = "numpy-1.19.3-cp36-cp36m-macosx_10_9_x86_64.whl", hash = "sha256:942d2cdcb362739908c26ce8dd88db6e139d3fa829dd7452dd9ff02cba6b58b2"},
    {file = "numpy-1.19.3-cp36-cp36m-manylinux1_i686.whl", hash = "sha256:efd656893171bbf1331beca4ec9f2e74358fc732a2084f664fd149cc4b3441d2"},
    {file = "numpy-1.19.3-cp36-cp36m-manylinux1_x86_64.whl", hash = "sha256:1a307bdd3dd444b1d0daa356b5f4c7de2e24d63bdc33ea13ff718b8ec4c6a268"},
    {file = "numpy-1.19.3-cp36-cp36m-manylinux2010_i686.whl", hash = "sha256:9d08d84bb4128abb9fbd9f073e5c69f70e5dab991a9c42e5b4081ea5b01b5db0"},
    {file = "numpy-1.19.3-cp36-cp36m-manylinux2010_x86_64.whl", hash = "sha256:7197ee0a25629ed782c7bd01871ee40702ffeef35bc48004bc2fdcc71e29ba9d"},
    {file = "numpy-1.19.3-cp36-cp36m-manylinux2014_aarch64.whl", hash = "sha256:8edc4d687a74d0a5f8b9b26532e860f4f85f56c400b3a98899fc44acb5e27add"},
    {file = "numpy-1.19.3-cp36-cp36m-win32.whl", hash = "sha256:522053b731e11329dd52d258ddf7de5288cae7418b55e4b7d32f0b7e31787e9d"},
    {file = "numpy-1.19.3-cp36-cp36m-win_amd64.whl", hash = "sha256:eefc13863bf01583a85e8c1121a901cc7cb8f059b960c4eba30901e2e6aba95f"},
    {file = "numpy-1.19.3-cp37-cp37m-macosx_10_9_x86_64.whl", hash = "sha256:6ff88bcf1872b79002569c63fe26cd2cda614e573c553c4d5b814fb5eb3d2822"},
    {file = "numpy-1.19.3-cp37-cp37m-manylinux1_i686.whl", hash = "sha256:e080087148fd70469aade2abfeadee194357defd759f9b59b349c6192aba994c"},
    {file = "numpy-1.19.3-cp37-cp37m-manylinux1_x86_64.whl", hash = "sha256:50f68ebc439821b826823a8da6caa79cd080dee2a6d5ab9f1163465a060495ed"},
    {file = "numpy-1.19.3-cp37-cp37m-manylinux2010_i686.whl", hash = "sha256:b9074d062d30c2779d8af587924f178a539edde5285d961d2dfbecbac9c4c931"},
    {file = "numpy-1.19.3-cp37-cp37m-manylinux2010_x86_64.whl", hash = "sha256:463792a249a81b9eb2b63676347f996d3f0082c2666fd0604f4180d2e5445996"},
    {file = "numpy-1.19.3-cp37-cp37m-manylinux2014_aarch64.whl", hash = "sha256:ea6171d2d8d648dee717457d0f75db49ad8c2f13100680e284d7becf3dc311a6"},
    {file = "numpy-1.19.3-cp37-cp37m-win32.whl", hash = "sha256:0ee77786eebbfa37f2141fd106b549d37c89207a0d01d8852fde1c82e9bfc0e7"},
    {file = "numpy-1.19.3-cp37-cp37m-win_amd64.whl", hash = "sha256:271139653e8b7a046d11a78c0d33bafbddd5c443a5b9119618d0652a4eb3a09f"},
    {file = "numpy-1.19.3-cp38-cp38-macosx_10_9_x86_64.whl", hash = "sha256:e983cbabe10a8989333684c98fdc5dd2f28b236216981e0c26ed359aaa676772"},
    {file = "numpy-1.19.3-cp38-cp38-manylinux1_i686.whl", hash = "sha256:d78294f1c20f366cde8a75167f822538a7252b6e8b9d6dbfb3bdab34e7c1929e"},
    {file = "numpy-1.19.3-cp38-cp38-manylinux1_x86_64.whl", hash = "sha256:199bebc296bd8a5fc31c16f256ac873dd4d5b4928dfd50e6c4995570fc71a8f3"},
    {file = "numpy-1.19.3-cp38-cp38-manylinux2010_i686.whl", hash = "sha256:dffed17848e8b968d8d3692604e61881aa6ef1f8074c99e81647ac84f6038535"},
    {file = "numpy-1.19.3-cp38-cp38-manylinux2010_x86_64.whl", hash = "sha256:5ea4401ada0d3988c263df85feb33818dc995abc85b8125f6ccb762009e7bc68"},
    {file = "numpy-1.19.3-cp38-cp38-manylinux2014_aarch64.whl", hash = "sha256:604d2e5a31482a3ad2c88206efd43d6fcf666ada1f3188fd779b4917e49b7a98"},
    {file = "numpy-1.19.3-cp38-cp38-win32.whl", hash = "sha256:a2daea1cba83210c620e359de2861316f49cc7aea8e9a6979d6cb2ddab6dda8c"},
    {file = "numpy-1.19.3-cp38-cp38-win_amd64.whl", hash = "sha256:dfdc8b53aa9838b9d44ed785431ca47aa3efaa51d0d5dd9c412ab5247151a7c4"},
    {file = "numpy-1.19.3-cp39-cp39-macosx_10_9_x86_64.whl", hash = "sha256:9f7f56b5e85b08774939622b7d45a5d00ff511466522c44fc0756ac7692c00f2"},
    {file = "numpy-1.19.3-cp39-cp39-manylinux1_i686.whl", hash = "sha256:8802d23e4895e0c65e418abe67cdf518aa5cbb976d97f42fd591f921d6dffad0"},
    {file = "numpy-1.19.3-cp39-cp39-manylinux1_x86_64.whl", hash = "sha256:c4aa79993f5d856765819a3651117520e41ac3f89c3fc1cb6dee11aa562df6da"},
    {file = "numpy-1.19.3-cp39-cp39-manylinux2010_i686.whl", hash = "sha256:51e8d2ae7c7e985c7bebf218e56f72fa93c900ad0c8a7d9fbbbf362f45710f69"},
    {file = "numpy-1.19.3-cp39-cp39-manylinux2010_x86_64.whl", hash = "sha256:50d3513469acf5b2c0406e822d3f314d7ac5788c2b438c24e5dd54d5a81ef522"},
    {file = "numpy-1.19.3-cp39-cp39-manylinux2014_aarch64.whl", hash = "sha256:741d95eb2b505bb7a99fbf4be05fa69f466e240c2b4f2d3ddead4f1b5f82a5a5"},
    {file = "numpy-1.19.3-cp39-cp39-win32.whl", hash = "sha256:1ea7e859f16e72ab81ef20aae69216cfea870676347510da9244805ff9670170"},
    {file = "numpy-1.19.3-cp39-cp39-win_amd64.whl", hash = "sha256:83af653bb92d1e248ccf5fdb05ccc934c14b936bcfe9b917dc180d3f00250ac6"},
    {file = "numpy-1.19.3-pp36-pypy36_pp73-manylinux2010_x86_64.whl", hash = "sha256:9a0669787ba8c9d3bb5de5d9429208882fb47764aa79123af25c5edc4f5966b9"},
    {file = "numpy-1.19.3.zip", hash = "sha256:35bf5316af8dc7c7db1ad45bec603e5fb28671beb98ebd1d65e8059efcfd3b72"},
]

[[package]]
name = "pandas"
version = "1.0.0"
description = "Powerful data structures for data analysis, time series, and statistics"
optional = false
python-versions = ">=3.6.1"
files = [
    {file = "pandas-1.0.0-cp36-cp36m-macosx_10_9_x86_64.whl", hash = "sha256:b578df33338a09707bfe3e3939c9d46700948133bf829357c3c46795055c9376"},
    {file = "pandas-1.0.0-cp36-cp36m-manylinux1_i686.whl", hash = "sha256:e8be4f6da608930c0d565240bfbe04fc6f5764d6a9214b02c6231cd5e223591d"},
    {file = "pandas-1.0.0-cp36-cp36m-manylinux1_x86_64.whl", hash = "sha256:d76a8ec22adf0323d362dac8c900b2c66e06eab984ecf04ef072866d8ab6c538"},
    {file = "pandas-1.0.0-cp36-cp36m-win32.whl", hash = "sha256:bad77cf498362590ef3a30bc9e769f4fe4399d853861a1ddbefeea8cbf39906c"},
    {file = "pandas-1.0.0-cp36-cp36m-win_amd64.whl", hash = "sha256:ae1ec10e34d22b0f699e38f346381630cae89d5050a2a61315a2be09e3435f99"},
    {file = "pandas-1.0.0-cp37-cp37m-macosx_10_9_x86_64.whl", hash = "sha256:35d07389efaf3c478d93725a226941c7fc14714814ba77d6d43b2c9e63ef4af5"},
    {file = "pandas-1.0.0-cp37-cp37m-manylinux1_x86_64.whl", hash = "sha256:46b0a146e4ba744e350847244767ef297950e9ce02424734b2dd0befd77d9aff"},
    {file = "pandas-1.0.0-cp37-cp37m-win32.whl", hash = "sha256:6d5c2d2a3e42100700bac7fe762c17ba0a04d0355feac04bce74a1aa6c8be164"},
    {file = "pandas-1.0.0-cp37-cp37m-win_amd64.whl", hash = "sha256:f66c63f357ac31c913f4917f55348ce99c639031567c3284f01dff605da58264"},
    {file = "pandas-1.0.0-cp38-cp38-macosx_10_9_x86_64.whl", hash = "sha256:c36e4d44d34eaa503776a8fb57ba1305e680e178458c050c2fd8de67604fa209"},
    {file = "pandas-1.0.0-cp38-cp38-manylinux1_x86_64.whl", hash = "sha256:66c1a49b47c0953dbc6864a6d2578c4c24610f6bb8e4ab165d49b8371aa7745f"},
    {file = "pandas-1.0.0-cp38-cp38-win32.whl", hash = "sha256:18bbce2e69855d42397486ee0bb79cb0e4c94af6679fd9392e32ffdb7fcfade0"},
    {file = "pandas-1.0.0-cp38-cp38-win_amd64.whl", hash = "sha256:ab1aa2c50b7c6ba0eccebb146b4d80ed7f5804897b8d54ccddbe49f28c881a94"},
    {file = "pandas-1.0.0.tar.gz", hash = "sha256:3ea6cc86931f57f18b1240572216f09922d91b19ab8a01cf24734394a3db3bec"},
]

[package.dependencies]
numpy = ">=1.13.3"
python-dateutil = ">=2.6.1"
pytz = ">=2017.2"

[package.extras]
test = ["hypothesis (>=3.58)", "pytest (>=4.0.2)", "pytest-xdist"]

[[package]]
name = "python-dateutil"
version = "2.8.2"
description = "Extensions to the standard Python datetime module"
optional = false
python-versions = "!=3.0.*,!=3.1.*,!=3.2.*,>=2.7"
files = [
    {file = "python-dateutil-2.8.2.tar.gz", hash = "sha256:0123cacc1627ae19ddf3c27a5de5bd67ee4586fbdd6440d9748f8abb483d3e86"},
    {file = "python_dateutil-2.8.2-py2.py3-none-any.whl", hash = "sha256:961d03dc3453ebbc59dbdea9e4e11c5651520a876d0f4db161e8674aae935da9"},
]

[package.dependencies]
six = ">=1.5"

[[package]]
name = "pytz"
version = "2023.3"
description = "World timezone definitions, modern and historical"
optional = false
python-versions = "*"
files = [
    {file = "pytz-2023.3-py2.py3-none-any.whl", hash = "sha256:a151b3abb88eda1d4e34a9814df37de2a80e301e68ba0fd856fb9b46bfbbbffb"},
    {file = "pytz-2023.3.tar.gz", hash = "sha256:1d8ce29db189191fb55338ee6d0387d82ab59f3d00eac103412d64e0ebd0c588"},
]

[[package]]
name = "six"
version = "1.16.0"
description = "Python 2 and 3 compatibility utilities"
optional = false
python-versions = ">=2.7, !=3.0.*, !=3.1.*, !=3.2.*"
files = [
    {file = "six-1.16.0-py2.py3-none-any.whl", hash = "sha256:8abb2f1d86890a2dfb989f9a77cfcfd3e47c2a354b01111771326f8aa26e0254"},
    {file = "six-1.16.0.tar.gz", hash = "sha256:1e61c37477a1626458e36f7b1d82aa5c9b094fa4802892072e49de9c60c4c926"},
]

[metadata]
lock-version = "2.0"
python-versions = ">=3.6.8"
content-hash = "df0ca17ce9038066f0ac6d29834c8bd6835545e172d88648abc0787b7eb18c39"
